
Microsoft Visual Studio Solution File, Format Version 12.00
# Visual Studio Version 16
VisualStudioVersion = 16.0.29519.181
MinimumVisualStudioVersion = 10.0.40219.1
Project("{FAE04EC0-301F-11D3-BF4B-00C04F79EFBC}") = "Daugybos lentele (kitaip2)", "Daugybos lentele (kitaip2)\Daugybos lentele (kitaip2).csproj", "{83235BDC-14AA-4063-852B-91176E9AF49B}"
EndProject
Global
	GlobalSection(SolutionConfigurationPlatforms) = preSolution
		Debug|Any CPU = Debug|Any CPU
		Release|Any CPU = Release|Any CPU
	EndGlobalSection
	GlobalSection(ProjectConfigurationPlatforms) = postSolution
		{83235BDC-14AA-4063-852B-91176E9AF49B}.Debug|Any CPU.ActiveCfg = Debug|Any CPU
		{83235BDC-14AA-4063-852B-91176E9AF49B}.Debug|Any CPU.Build.0 = Debug|Any CPU
		{83235BDC-14AA-4063-852B-91176E9AF49B}.Release|Any CPU.ActiveCfg = Release|Any CPU
		{83235BDC-14AA-4063-852B-91176E9AF49B}.Release|Any CPU.Build.0 = Release|Any CPU
	EndGlobalSection
	GlobalSection(SolutionProperties) = preSolution
		HideSolutionNode = FALSE
	EndGlobalSection
	GlobalSection(ExtensibilityGlobals) = postSolution
		SolutionGuid = {1AF3202B-B105-467C-AE60-8E19E454CE9C}
	EndGlobalSection
EndGlobal
