
Microsoft Visual Studio Solution File, Format Version 12.00
# Visual Studio Version 16
VisualStudioVersion = 16.0.29519.181
MinimumVisualStudioVersion = 10.0.40219.1
Project("{FAE04EC0-301F-11D3-BF4B-00C04F79EFBC}") = "rezultatu isvedimas", "rezultatu isvedimas\rezultatu isvedimas.csproj", "{0B5452E6-0BC9-4F6F-8C12-AA4832EF9063}"
EndProject
Global
	GlobalSection(SolutionConfigurationPlatforms) = preSolution
		Debug|Any CPU = Debug|Any CPU
		Release|Any CPU = Release|Any CPU
	EndGlobalSection
	GlobalSection(ProjectConfigurationPlatforms) = postSolution
		{0B5452E6-0BC9-4F6F-8C12-AA4832EF9063}.Debug|Any CPU.ActiveCfg = Debug|Any CPU
		{0B5452E6-0BC9-4F6F-8C12-AA4832EF9063}.Debug|Any CPU.Build.0 = Debug|Any CPU
		{0B5452E6-0BC9-4F6F-8C12-AA4832EF9063}.Release|Any CPU.ActiveCfg = Release|Any CPU
		{0B5452E6-0BC9-4F6F-8C12-AA4832EF9063}.Release|Any CPU.Build.0 = Release|Any CPU
	EndGlobalSection
	GlobalSection(SolutionProperties) = preSolution
		HideSolutionNode = FALSE
	EndGlobalSection
	GlobalSection(ExtensibilityGlobals) = postSolution
		SolutionGuid = {550D2D5D-13C3-41F1-AE45-F2C68835E928}
	EndGlobalSection
EndGlobal
