
Microsoft Visual Studio Solution File, Format Version 12.00
# Visual Studio Version 16
VisualStudioVersion = 16.0.29519.181
MinimumVisualStudioVersion = 10.0.40219.1
Project("{FAE04EC0-301F-11D3-BF4B-00C04F79EFBC}") = "UserIO", "UserIO\UserIO.csproj", "{5EA68F9E-AF30-4081-B99A-E6CFFDC73D36}"
EndProject
Global
	GlobalSection(SolutionConfigurationPlatforms) = preSolution
		Debug|Any CPU = Debug|Any CPU
		Release|Any CPU = Release|Any CPU
	EndGlobalSection
	GlobalSection(ProjectConfigurationPlatforms) = postSolution
		{5EA68F9E-AF30-4081-B99A-E6CFFDC73D36}.Debug|Any CPU.ActiveCfg = Debug|Any CPU
		{5EA68F9E-AF30-4081-B99A-E6CFFDC73D36}.Debug|Any CPU.Build.0 = Debug|Any CPU
		{5EA68F9E-AF30-4081-B99A-E6CFFDC73D36}.Release|Any CPU.ActiveCfg = Release|Any CPU
		{5EA68F9E-AF30-4081-B99A-E6CFFDC73D36}.Release|Any CPU.Build.0 = Release|Any CPU
	EndGlobalSection
	GlobalSection(SolutionProperties) = preSolution
		HideSolutionNode = FALSE
	EndGlobalSection
	GlobalSection(ExtensibilityGlobals) = postSolution
		SolutionGuid = {9433E7FA-286A-4A1A-B739-CB212AB15A7C}
	EndGlobalSection
EndGlobal
