
Microsoft Visual Studio Solution File, Format Version 12.00
# Visual Studio Version 16
VisualStudioVersion = 16.0.29519.181
MinimumVisualStudioVersion = 10.0.40219.1
Project("{FAE04EC0-301F-11D3-BF4B-00C04F79EFBC}") = "hello work", "hello work\hello work.csproj", "{35930F2A-BAE1-4CE5-AEEF-00DC366080B0}"
EndProject
Global
	GlobalSection(SolutionConfigurationPlatforms) = preSolution
		Debug|Any CPU = Debug|Any CPU
		Release|Any CPU = Release|Any CPU
	EndGlobalSection
	GlobalSection(ProjectConfigurationPlatforms) = postSolution
		{35930F2A-BAE1-4CE5-AEEF-00DC366080B0}.Debug|Any CPU.ActiveCfg = Debug|Any CPU
		{35930F2A-BAE1-4CE5-AEEF-00DC366080B0}.Debug|Any CPU.Build.0 = Debug|Any CPU
		{35930F2A-BAE1-4CE5-AEEF-00DC366080B0}.Release|Any CPU.ActiveCfg = Release|Any CPU
		{35930F2A-BAE1-4CE5-AEEF-00DC366080B0}.Release|Any CPU.Build.0 = Release|Any CPU
	EndGlobalSection
	GlobalSection(SolutionProperties) = preSolution
		HideSolutionNode = FALSE
	EndGlobalSection
	GlobalSection(ExtensibilityGlobals) = postSolution
		SolutionGuid = {6A03DC48-E383-4E26-932A-0A4C3F68AD19}
	EndGlobalSection
EndGlobal
