
Microsoft Visual Studio Solution File, Format Version 12.00
# Visual Studio Version 16
VisualStudioVersion = 16.0.29519.181
MinimumVisualStudioVersion = 10.0.40219.1
Project("{FAE04EC0-301F-11D3-BF4B-00C04F79EFBC}") = "24  padalinta 5", "24  padalinta 5\24  padalinta 5.csproj", "{AC89DE9F-561D-4D4A-9C3D-84DFA51D8D29}"
EndProject
Global
	GlobalSection(SolutionConfigurationPlatforms) = preSolution
		Debug|Any CPU = Debug|Any CPU
		Release|Any CPU = Release|Any CPU
	EndGlobalSection
	GlobalSection(ProjectConfigurationPlatforms) = postSolution
		{AC89DE9F-561D-4D4A-9C3D-84DFA51D8D29}.Debug|Any CPU.ActiveCfg = Debug|Any CPU
		{AC89DE9F-561D-4D4A-9C3D-84DFA51D8D29}.Debug|Any CPU.Build.0 = Debug|Any CPU
		{AC89DE9F-561D-4D4A-9C3D-84DFA51D8D29}.Release|Any CPU.ActiveCfg = Release|Any CPU
		{AC89DE9F-561D-4D4A-9C3D-84DFA51D8D29}.Release|Any CPU.Build.0 = Release|Any CPU
	EndGlobalSection
	GlobalSection(SolutionProperties) = preSolution
		HideSolutionNode = FALSE
	EndGlobalSection
	GlobalSection(ExtensibilityGlobals) = postSolution
		SolutionGuid = {AB339483-CB8A-4618-AC30-97A4BDDBA978}
	EndGlobalSection
EndGlobal
